Microsoft Visual Studio Solution File, Format Version 12.00
# Visual Studio Version 17
VisualStudioVersion = 17.5.2.0
MinimumVisualStudioVersion = 10.0.40219.1
Project("{FAE04EC0-301F-11D3-BF4B-00C04F79EFBC}") = "BioBokaren", "BioBokaren.csproj", "{1AACE17B-E7B6-1EC8-2798-D6628D0D2A6F}"
EndProject
Global
	GlobalSection(SolutionConfigurationPlatforms) = preSolution
		Debug|Any CPU = Debug|Any CPU
		Release|Any CPU = Release|Any CPU
	EndGlobalSection
	GlobalSection(ProjectConfigurationPlatforms) = postSolution
		{1AACE17B-E7B6-1EC8-2798-D6628D0D2A6F}.Debug|Any CPU.ActiveCfg = Debug|Any CPU
		{1AACE17B-E7B6-1EC8-2798-D6628D0D2A6F}.Debug|Any CPU.Build.0 = Debug|Any CPU
		{1AACE17B-E7B6-1EC8-2798-D6628D0D2A6F}.Release|Any CPU.ActiveCfg = Release|Any CPU
		{1AACE17B-E7B6-1EC8-2798-D6628D0D2A6F}.Release|Any CPU.Build.0 = Release|Any CPU
	EndGlobalSection
	GlobalSection(SolutionProperties) = preSolution
		HideSolutionNode = FALSE
	EndGlobalSection
	GlobalSection(ExtensibilityGlobals) = postSolution
		SolutionGuid = {50AAD60C-CD07-4D7F-9DA3-3C755E8231CE}
	EndGlobalSection
EndGlobal
